// !$*UTF8*$!
{
	archiveVersion = 1;
	classes = {
	};
	objectVersion = 48;
	objects = {

/* Begin PBXBuildFile section */
		9D0E8F361F56A3C100EFC6E2 /* NetworkingService.swift in Sources */ = {isa = PBXBuildFile; fileRef = 9D0E8F351F56A3C100EFC6E2 /* NetworkingService.swift */; };
		9D0E8F381F56A51900EFC6E2 /* PostNetworking.swift in Sources */ = {isa = PBXBuildFile; fileRef = 9D0E8F371F56A51900EFC6E2 /* PostNetworking.swift */; };
		9D0E8F3B1F56A66800EFC6E2 /* GetPostsResponse.swift in Sources */ = {isa = PBXBuildFile; fileRef = 9D0E8F3A1F56A66800EFC6E2 /* GetPostsResponse.swift */; };
		9D0E8F3E1F56A6E900EFC6E2 /* NetworkingError.swift in Sources */ = {isa = PBXBuildFile; fileRef = 9D0E8F3D1F56A6E900EFC6E2 /* NetworkingError.swift */; };
		9D18CE881F5609A500303B43 /* AppDelegate.swift in Sources */ = {isa = PBXBuildFile; fileRef = 9D18CE871F5609A500303B43 /* AppDelegate.swift */; };
		9D18CE8A1F5609A500303B43 /* PostVC.swift in Sources */ = {isa = PBXBuildFile; fileRef = 9D18CE891F5609A500303B43 /* PostVC.swift */; };
		9D18CE8D1F5609A500303B43 /* Post.storyboard in Resources */ = {isa = PBXBuildFile; fileRef = 9D18CE8B1F5609A500303B43 /* Post.storyboard */; };
		9D18CE8F1F5609A500303B43 /* Assets.xcassets in Resources */ = {isa = PBXBuildFile; fileRef = 9D18CE8E1F5609A500303B43 /* Assets.xcassets */; };
		9D18CE921F5609A500303B43 /* LaunchScreen.storyboard in Resources */ = {isa = PBXBuildFile; fileRef = 9D18CE901F5609A500303B43 /* LaunchScreen.storyboard */; };
		9DA6A9D71F569D030087F1B6 /* PostCell.swift in Sources */ = {isa = PBXBuildFile; fileRef = 9DA6A9D61F569D030087F1B6 /* PostCell.swift */; };
		9DA6A9D91F569DA40087F1B6 /* Post.swift in Sources */ = {isa = PBXBuildFile; fileRef = 9DA6A9D81F569DA40087F1B6 /* Post.swift */; };
/* End PBXBuildFile section */

/* Begin PBXFileReference section */
		9D0E8F351F56A3C100EFC6E2 /* NetworkingService.swift */ = {isa = PBXFileReference; lastKnownFileType = sourcecode.swift; path = NetworkingService.swift; sourceTree = "<group>"; };
		9D0E8F371F56A51900EFC6E2 /* PostNetworking.swift */ = {isa = PBXFileReference; lastKnownFileType = sourcecode.swift; path = PostNetworking.swift; sourceTree = "<group>"; };
		9D0E8F3A1F56A66800EFC6E2 /* GetPostsResponse.swift */ = {isa = PBXFileReference; lastKnownFileType = sourcecode.swift; path = GetPostsResponse.swift; sourceTree = "<group>"; };
		9D0E8F3D1F56A6E900EFC6E2 /* NetworkingError.swift */ = {isa = PBXFileReference; lastKnownFileType = sourcecode.swift; path = NetworkingError.swift; sourceTree = "<group>"; };
		9D18CE841F5609A500303B43 /* MVCExample.app */ = {isa = PBXFileReference; explicitFileType = wrapper.application; includeInIndex = 0; path = MVCExample.app; sourceTree = BUILT_PRODUCTS_DIR; };
		9D18CE871F5609A500303B43 /* AppDelegate.swift */ = {isa = PBXFileReference; lastKnownFileType = sourcecode.swift; path = AppDelegate.swift; sourceTree = "<group>"; };
		9D18CE891F5609A500303B43 /* PostVC.swift */ = {isa = PBXFileReference; lastKnownFileType = sourcecode.swift; path = PostVC.swift; sourceTree = "<group>"; };
		9D18CE8C1F5609A500303B43 /* Base */ = {isa = PBXFileReference; lastKnownFileType = file.storyboard; name = Base; path = Base.lproj/Post.storyboard; sourceTree = "<group>"; };
		9D18CE8E1F5609A500303B43 /* Assets.xcassets */ = {isa = PBXFileReference; lastKnownFileType = folder.assetcatalog; path = Assets.xcassets; sourceTree = "<group>"; };
		9D18CE911F5609A500303B43 /* Base */ = {isa = PBXFileReference; lastKnownFileType = file.storyboard; name = Base; path = Base.lproj/LaunchScreen.storyboard; sourceTree = "<group>"; };
		9D18CE931F5609A500303B43 /* Info.plist */ = {isa = PBXFileReference; lastKnownFileType = text.plist.xml; path = Info.plist; sourceTree = "<group>"; };
		9DA6A9D61F569D030087F1B6 /* PostCell.swift */ = {isa = PBXFileReference; lastKnownFileType = sourcecode.swift; path = PostCell.swift; sourceTree = "<group>"; };
		9DA6A9D81F569DA40087F1B6 /* Post.swift */ = {isa = PBXFileReference; lastKnownFileType = sourcecode.swift; path = Post.swift; sourceTree = "<group>"; };
/* End PBXFileReference section */

/* Begin PBXFrameworksBuildPhase section */
		9D18CE811F5609A500303B43 /* Frameworks */ = {
			isa = PBXFrameworksBuildPhase;
			buildActionMask = 2147483647;
			files = (
			);
			runOnlyForDeploymentPostprocessing = 0;
		};
/* End PBXFrameworksBuildPhase section */

/* Begin PBXGroup section */
		9D0E8F391F56A65200EFC6E2 /* Responses */ = {
			isa = PBXGroup;
			children = (
				9D0E8F3A1F56A66800EFC6E2 /* GetPostsResponse.swift */,
			);
			path = Responses;
			sourceTree = "<group>";
		};
		9D0E8F3C1F56A6C100EFC6E2 /* Model */ = {
			isa = PBXGroup;
			children = (
				9D0E8F3D1F56A6E900EFC6E2 /* NetworkingError.swift */,
			);
			path = Model;
			sourceTree = "<group>";
		};
		9D18CE7B1F5609A500303B43 = {
			isa = PBXGroup;
			children = (
				9D18CE861F5609A500303B43 /* MVCExample */,
				9D18CE851F5609A500303B43 /* Products */,
			);
			sourceTree = "<group>";
		};
		9D18CE851F5609A500303B43 /* Products */ = {
			isa = PBXGroup;
			children = (
				9D18CE841F5609A500303B43 /* MVCExample.app */,
			);
			name = Products;
			sourceTree = "<group>";
		};
		9D18CE861F5609A500303B43 /* MVCExample */ = {
			isa = PBXGroup;
			children = (
				9DA6A9CD1F560B570087F1B6 /* Global */,
				9DA6A9CE1F560B6E0087F1B6 /* Post */,
				9D18CE931F5609A500303B43 /* Info.plist */,
			);
			path = MVCExample;
			sourceTree = "<group>";
		};
		9DA6A9CD1F560B570087F1B6 /* Global */ = {
			isa = PBXGroup;
			children = (
				9D0E8F3C1F56A6C100EFC6E2 /* Model */,
				9DA6A9D41F560C080087F1B6 /* View */,
				9DA6A9D51F560C2C0087F1B6 /* Controller */,
				9DA6A9D31F560BCC0087F1B6 /* Service */,
			);
			path = Global;
			sourceTree = "<group>";
		};
		9DA6A9CE1F560B6E0087F1B6 /* Post */ = {
			isa = PBXGroup;
			children = (
				9DA6A9D01F560B960087F1B6 /* Model */,
				9DA6A9D21F560BA30087F1B6 /* View */,
				9DA6A9D11F560B9B0087F1B6 /* Controller */,
				9DA6A9CF1F560B7A0087F1B6 /* Service */,
			);
			path = Post;
			sourceTree = "<group>";
		};
		9DA6A9CF1F560B7A0087F1B6 /* Service */ = {
			isa = PBXGroup;
			children = (
				9D0E8F371F56A51900EFC6E2 /* PostNetworking.swift */,
			);
			path = Service;
			sourceTree = "<group>";
		};
		9DA6A9D01F560B960087F1B6 /* Model */ = {
			isa = PBXGroup;
			children = (
				9D0E8F391F56A65200EFC6E2 /* Responses */,
				9DA6A9D81F569DA40087F1B6 /* Post.swift */,
			);
			path = Model;
			sourceTree = "<group>";
		};
		9DA6A9D11F560B9B0087F1B6 /* Controller */ = {
			isa = PBXGroup;
			children = (
				9D18CE891F5609A500303B43 /* PostVC.swift */,
			);
			path = Controller;
			sourceTree = "<group>";
		};
		9DA6A9D21F560BA30087F1B6 /* View */ = {
			isa = PBXGroup;
			children = (
				9D18CE8B1F5609A500303B43 /* Post.storyboard */,
				9DA6A9D61F569D030087F1B6 /* PostCell.swift */,
			);
			path = View;
			sourceTree = "<group>";
		};
		9DA6A9D31F560BCC0087F1B6 /* Service */ = {
			isa = PBXGroup;
			children = (
				9D0E8F351F56A3C100EFC6E2 /* NetworkingService.swift */,
			);
			path = Service;
			sourceTree = "<group>";
		};
		9DA6A9D41F560C080087F1B6 /* View */ = {
			isa = PBXGroup;
			children = (
				9D18CE901F5609A500303B43 /* LaunchScreen.storyboard */,
				9D18CE8E1F5609A500303B43 /* Assets.xcassets */,
			);
			path = View;
			sourceTree = "<group>";
		};
		9DA6A9D51F560C2C0087F1B6 /* Controller */ = {
			isa = PBXGroup;
			children = (
				9D18CE871F5609A500303B43 /* AppDelegate.swift */,
			);
			path = Controller;
			sourceTree = "<group>";
		};
/* End PBXGroup section */

/* Begin PBXNativeTarget section */
		9D18CE831F5609A500303B43 /* MVCExample */ = {
			isa = PBXNativeTarget;
			buildConfigurationList = 9D18CE961F5609A500303B43 /* Build configuration list for PBXNativeTarget "MVCExample" */;
			buildPhases = (
				9D18CE801F5609A500303B43 /* Sources */,
				9D18CE811F5609A500303B43 /* Frameworks */,
				9D18CE821F5609A500303B43 /* Resources */,
			);
			buildRules = (
			);
			dependencies = (
			);
			name = MVCExample;
			productName = MVCExample;
			productReference = 9D18CE841F5609A500303B43 /* MVCExample.app */;
			productType = "com.apple.product-type.application";
		};
/* End PBXNativeTarget section */

/* Begin PBXProject section */
		9D18CE7C1F5609A500303B43 /* Project object */ = {
			isa = PBXProject;
			attributes = {
				LastSwiftUpdateCheck = 0900;
				LastUpgradeCheck = 0900;
				ORGANIZATIONNAME = 123;
				TargetAttributes = {
					9D18CE831F5609A500303B43 = {
						CreatedOnToolsVersion = 9.0;
						ProvisioningStyle = Automatic;
					};
				};
			};
			buildConfigurationList = 9D18CE7F1F5609A500303B43 /* Build configuration list for PBXProject "MVCExample" */;
			compatibilityVersion = "Xcode 8.0";
			developmentRegion = en;
			hasScannedForEncodings = 0;
			knownRegions = (
				en,
				Base,
			);
			mainGroup = 9D18CE7B1F5609A500303B43;
			productRefGroup = 9D18CE851F5609A500303B43 /* Products */;
			projectDirPath = "";
			projectRoot = "";
			targets = (
				9D18CE831F5609A500303B43 /* MVCExample */,
			);
		};
/* End PBXProject section */

/* Begin PBXResourcesBuildPhase section */
		9D18CE821F5609A500303B43 /* Resources */ = {
			isa = PBXResourcesBuildPhase;
			buildActionMask = 2147483647;
			files = (
				9D18CE921F5609A500303B43 /* LaunchScreen.storyboard in Resources */,
				9D18CE8F1F5609A500303B43 /* Assets.xcassets in Resources */,
				9D18CE8D1F5609A500303B43 /* Post.storyboard in Resources */,
			);
			runOnlyForDeploymentPostprocessing = 0;
		};
/* End PBXResourcesBuildPhase section */

/* Begin PBXSourcesBuildPhase section */
		9D18CE801F5609A500303B43 /* Sources */ = {
			isa = PBXSourcesBuildPhase;
			buildActionMask = 2147483647;
			files = (
				9D0E8F3B1F56A66800EFC6E2 /* GetPostsResponse.swift in Sources */,
				9D0E8F361F56A3C100EFC6E2 /* NetworkingService.swift in Sources */,
				9D0E8F3E1F56A6E900EFC6E2 /* NetworkingError.swift in Sources */,
				9D0E8F381F56A51900EFC6E2 /* PostNetworking.swift in Sources */,
				9D18CE8A1F5609A500303B43 /* PostVC.swift in Sources */,
				9DA6A9D91F569DA40087F1B6 /* Post.swift in Sources */,
				9D18CE881F5609A500303B43 /* AppDelegate.swift in Sources */,
				9DA6A9D71F569D030087F1B6 /* PostCell.swift in Sources */,
			);
			runOnlyForDeploymentPostprocessing = 0;
		};
/* End PBXSourcesBuildPhase section */

/* Begin PBXVariantGroup section */
		9D18CE8B1F5609A500303B43 /* Post.storyboard */ = {
			isa = PBXVariantGroup;
			children = (
				9D18CE8C1F5609A500303B43 /* Base */,
			);
			name = Post.storyboard;
			sourceTree = "<group>";
		};
		9D18CE901F5609A500303B43 /* LaunchScreen.storyboard */ = {
			isa = PBXVariantGroup;
			children = (
				9D18CE911F5609A500303B43 /* Base */,
			);
			name = LaunchScreen.storyboard;
			sourceTree = "<group>";
		};
/* End PBXVariantGroup section */

/* Begin XCBuildConfiguration section */
		9D18CE941F5609A500303B43 /* Debug */ = {
			isa = XCBuildConfiguration;
			buildSettings = {
				ALWAYS_SEARCH_USER_PATHS = NO;
				CLANG_ANALYZER_NONNULL = YES;
				CLANG_ANALYZER_NUMBER_OBJECT_CONVERSION = YES_AGGRESSIVE;
				CLANG_CXX_LANGUAGE_STANDARD = "gnu++14";
				CLANG_CXX_LIBRARY = "libc++";
				CLANG_ENABLE_MODULES = YES;
				CLANG_ENABLE_OBJC_ARC = YES;
				CLANG_WARN_BLOCK_CAPTURE_AUTORELEASING = YES;
				CLANG_WARN_BOOL_CONVERSION = YES;
				CLANG_WARN_COMMA = YES;
				CLANG_WARN_CONSTANT_CONVERSION = YES;
				CLANG_WARN_DIRECT_OBJC_ISA_USAGE = YES_ERROR;
				CLANG_WARN_DOCUMENTATION_COMMENTS = YES;
				CLANG_WARN_EMPTY_BODY = YES;
				CLANG_WARN_ENUM_CONVERSION = YES;
				CLANG_WARN_INFINITE_RECURSION = YES;
				CLANG_WARN_INT_CONVERSION = YES;
				CLANG_WARN_NON_LITERAL_NULL_CONVERSION = YES;
				CLANG_WARN_OBJC_LITERAL_CONVERSION = YES;
				CLANG_WARN_OBJC_ROOT_CLASS = YES_ERROR;
				CLANG_WARN_RANGE_LOOP_ANALYSIS = YES;
				CLANG_WARN_STRICT_PROTOTYPES = YES;
				CLANG_WARN_SUSPICIOUS_MOVE = YES;
				CLANG_WARN_UNGUARDED_AVAILABILITY = YES_AGGRESSIVE;
				CLANG_WARN_UNREACHABLE_CODE = YES;
				CLANG_WARN__DUPLICATE_METHOD_MATCH = YES;
				CODE_SIGN_IDENTITY = "iPhone Developer";
				COPY_PHASE_STRIP = NO;
				DEBUG_INFORMATION_FORMAT = dwarf;
				ENABLE_STRICT_OBJC_MSGSEND = YES;
				ENABLE_TESTABILITY = YES;
				GCC_C_LANGUAGE_STANDARD = gnu11;
				GCC_DYNAMIC_NO_PIC = NO;
				GCC_NO_COMMON_BLOCKS = YES;
				GCC_OPTIMIZATION_LEVEL = 0;
				GCC_PREPROCESSOR_DEFINITIONS = (
					"DEBUG=1",
					"$(inherited)",
				);
				GCC_WARN_64_TO_32_BIT_CONVERSION = YES;
				GCC_WARN_ABOUT_RETURN_TYPE = YES_ERROR;
				GCC_WARN_UNDECLARED_SELECTOR = YES;
				GCC_WARN_UNINITIALIZED_AUTOS = YES_AGGRESSIVE;
				GCC_WARN_UNUSED_FUNCTION = YES;
				GCC_WARN_UNUSED_VARIABLE = YES;
				IPHONEOS_DEPLOYMENT_TARGET = 11.0;
				MTL_ENABLE_DEBUG_INFO = YES;
				ONLY_ACTIVE_ARCH = YES;
				SDKROOT = iphoneos;
				SWIFT_ACTIVE_COMPILATION_CONDITIONS = DEBUG;
				SWIFT_OPTIMIZATION_LEVEL = "-Onone";
			};
			name = Debug;
		};
		9D18CE951F5609A500303B43 /* Release */ = {
			isa = XCBuildConfiguration;
			buildSettings = {
				ALWAYS_SEARCH_USER_PATHS = NO;
				CLANG_ANALYZER_NONNULL = YES;
				CLANG_ANALYZER_NUMBER_OBJECT_CONVERSION = YES_AGGRESSIVE;
				CLANG_CXX_LANGUAGE_STANDARD = "gnu++14";
				CLANG_CXX_LIBRARY = "libc++";
				CLANG_ENABLE_MODULES = YES;
				CLANG_ENABLE_OBJC_ARC = YES;
				CLANG_WARN_BLOCK_CAPTURE_AUTORELEASING = YES;
				CLANG_WARN_BOOL_CONVERSION = YES;
				CLANG_WARN_COMMA = YES;
				CLANG_WARN_CONSTANT_CONVERSION = YES;
				CLANG_WARN_DIRECT_OBJC_ISA_USAGE = YES_ERROR;
				CLANG_WARN_DOCUMENTATION_COMMENTS = YES;
				CLANG_WARN_EMPTY_BODY = YES;
				CLANG_WARN_ENUM_CONVERSION = YES;
				CLANG_WARN_INFINITE_RECURSION = YES;
				CLANG_WARN_INT_CONVERSION = YES;
				CLANG_WARN_NON_LITERAL_NULL_CONVERSION = YES;
				CLANG_WARN_OBJC_LITERAL_CONVERSION = YES;
				CLANG_WARN_OBJC_ROOT_CLASS = YES_ERROR;
				CLANG_WARN_RANGE_LOOP_ANALYSIS = YES;
				CLANG_WARN_STRICT_PROTOTYPES = YES;
				CLANG_WARN_SUSPICIOUS_MOVE = YES;
				CLANG_WARN_UNGUARDED_AVAILABILITY = YES_AGGRESSIVE;
				CLANG_WARN_UNREACHABLE_CODE = YES;
				CLANG_WARN__DUPLICATE_METHOD_MATCH = YES;
				CODE_SIGN_IDENTITY = "iPhone Developer";
				COPY_PHASE_STRIP = NO;
				DEBUG_INFORMATION_FORMAT = "dwarf-with-dsym";
				ENABLE_NS_ASSERTIONS = NO;
				ENABLE_STRICT_OBJC_MSGSEND = YES;
				GCC_C_LANGUAGE_STANDARD = gnu11;
				GCC_NO_COMMON_BLOCKS = YES;
				GCC_WARN_64_TO_32_BIT_CONVERSION = YES;
				GCC_WARN_ABOUT_RETURN_TYPE = YES_ERROR;
				GCC_WARN_UNDECLARED_SELECTOR = YES;
				GCC_WARN_UNINITIALIZED_AUTOS = YES_AGGRESSIVE;
				GCC_WARN_UNUSED_FUNCTION = YES;
				GCC_WARN_UNUSED_VARIABLE = YES;
				IPHONEOS_DEPLOYMENT_TARGET = 11.0;
				MTL_ENABLE_DEBUG_INFO = NO;
				SDKROOT = iphoneos;
				SWIFT_OPTIMIZATION_LEVEL = "-Owholemodule";
				VALIDATE_PRODUCT = YES;
			};
			name = Release;
		};
		9D18CE971F5609A500303B43 /* Debug */ = {
			isa = XCBuildConfiguration;
			buildSettings = {
				ASSETCATALOG_COMPILER_APPICON_NAME = AppIcon;
				CODE_SIGN_STYLE = Automatic;
				DEVELOPMENT_TEAM = L5H8Z4UVXQ;
				INFOPLIST_FILE = MVCExample/Info.plist;
				LD_RUNPATH_SEARCH_PATHS = "$(inherited) @executable_path/Frameworks";
				PRODUCT_BUNDLE_IDENTIFIER = taras.MVCExample;
				PRODUCT_NAME = "$(TARGET_NAME)";
				SWIFT_VERSION = 4.0;
				TARGETED_DEVICE_FAMILY = "1,2";
			};
			name = Debug;
		};
		9D18CE981F5609A500303B43 /* Release */ = {
			isa = XCBuildConfiguration;
			buildSettings = {
				ASSETCATALOG_COMPILER_APPICON_NAME = AppIcon;
				CODE_SIGN_STYLE = Automatic;
				DEVELOPMENT_TEAM = L5H8Z4UVXQ;
				INFOPLIST_FILE = MVCExample/Info.plist;
				LD_RUNPATH_SEARCH_PATHS = "$(inherited) @executable_path/Frameworks";
				PRODUCT_BUNDLE_IDENTIFIER = taras.MVCExample;
				PRODUCT_NAME = "$(TARGET_NAME)";
				SWIFT_VERSION = 4.0;
				TARGETED_DEVICE_FAMILY = "1,2";
			};
			name = Release;
		};
/* End XCBuildConfiguration section */

/* Begin XCConfigurationList section */
		9D18CE7F1F5609A500303B43 /* Build configuration list for PBXProject "MVCExample" */ = {
			isa = XCConfigurationList;
			buildConfigurations = (
				9D18CE941F5609A500303B43 /* Debug */,
				9D18CE951F5609A500303B43 /* Release */,
			);
			defaultConfigurationIsVisible = 0;
			defaultConfigurationName = Release;
		};
		9D18CE961F5609A500303B43 /* Build configuration list for PBXNativeTarget "MVCExample" */ = {
			isa = XCConfigurationList;
			buildConfigurations = (
				9D18CE971F5609A500303B43 /* Debug */,
				9D18CE981F5609A500303B43 /* Release */,
			);
			defaultConfigurationIsVisible = 0;
			defaultConfigurationName = Release;
		};
/* End XCConfigurationList section */
	};
	rootObject = 9D18CE7C1F5609A500303B43 /* Project object */;
}
